
Microsoft Visual Studio Solution File, Format Version 12.00
# Visual Studio 15
VisualStudioVersion = 15.0.26430.15
MinimumVisualStudioVersion = 10.0.40219.1
Project("{8BC9CEB8-8B4A-11D0-8D11-00A0C91BC942}") = "PixWrapperUnity", "PixWrapperUnity.vcxproj", "{ECEA5176-2877-45DF-8166-4F2DD365AA33}"
EndProject
Global
	GlobalSection(SolutionConfigurationPlatforms) = preSolution
		Debug|x64 = Debug|x64
		Debug|x86 = Debug|x86
	EndGlobalSection
	GlobalSection(ProjectConfigurationPlatforms) = postSolution
		{ECEA5176-2877-45DF-8166-4F2DD365AA33}.Debug|x64.ActiveCfg = Debug|x64
		{ECEA5176-2877-45DF-8166-4F2DD365AA33}.Debug|x64.Build.0 = Debug|x64
		{ECEA5176-2877-45DF-8166-4F2DD365AA33}.Debug|x86.ActiveCfg = Debug|Win32
		{ECEA5176-2877-45DF-8166-4F2DD365AA33}.Debug|x86.Build.0 = Debug|Win32
	EndGlobalSection
	GlobalSection(SolutionProperties) = preSolution
		HideSolutionNode = FALSE
	EndGlobalSection
	GlobalSection(ExtensibilityGlobals) = postSolution
		SolutionGuid = {34664C4E-4296-429A-8A76-EA80F2708FC4}
	EndGlobalSection
EndGlobal
